
Microsoft Visual Studio Solution File, Format Version 12.00
# Visual Studio Version 16
VisualStudioVersion = 16.0.30204.135
MinimumVisualStudioVersion = 10.0.40219.1
Project("{FAE04EC0-301F-11D3-BF4B-00C04F79EFBC}") = "Identity-Demo", "Identity-Demo\Identity-Demo.csproj", "{6E1314B5-D8D5-4DB5-8DF8-E3195D0C29C4}"
EndProject
Global
	GlobalSection(SolutionConfigurationPlatforms) = preSolution
		Debug|Any CPU = Debug|Any CPU
		Release|Any CPU = Release|Any CPU
	EndGlobalSection
	GlobalSection(ProjectConfigurationPlatforms) = postSolution
		{6E1314B5-D8D5-4DB5-8DF8-E3195D0C29C4}.Debug|Any CPU.ActiveCfg = Debug|Any CPU
		{6E1314B5-D8D5-4DB5-8DF8-E3195D0C29C4}.Debug|Any CPU.Build.0 = Debug|Any CPU
		{6E1314B5-D8D5-4DB5-8DF8-E3195D0C29C4}.Release|Any CPU.ActiveCfg = Release|Any CPU
		{6E1314B5-D8D5-4DB5-8DF8-E3195D0C29C4}.Release|Any CPU.Build.0 = Release|Any CPU
	EndGlobalSection
	GlobalSection(SolutionProperties) = preSolution
		HideSolutionNode = FALSE
	EndGlobalSection
	GlobalSection(ExtensibilityGlobals) = postSolution
		SolutionGuid = {FFDCB14F-6B0E-4036-9670-18F4A2F1D010}
	EndGlobalSection
EndGlobal
